
Microsoft Visual Studio Solution File, Format Version 10.00
# Visual Studio 2008
Project("{FAE04EC0-301F-11D3-BF4B-00C04F79EFBC}") = "ServerEngine", "ServerEngine\ServerEngine.csproj", "{734970B2-5D3E-4796-8E80-9B3944E2DF74}"
EndProject
Project("{FAE04EC0-301F-11D3-BF4B-00C04F79EFBC}") = "Networking", "Networking\Networking.csproj", "{64D0F845-9D65-454E-86CA-86F6A5A6DDE8}"
EndProject
Project("{FAE04EC0-301F-11D3-BF4B-00C04F79EFBC}") = "UIControls", "..\..\..\Office Manager (200)\Project\Office Manager\UIControls\UIControls.csproj", "{21A45A22-5BFF-4FE0-9126-CDE995075954}"
EndProject
Project("{FAE04EC0-301F-11D3-BF4B-00C04F79EFBC}") = "Variables", "Constants\Variables.csproj", "{A710B3E6-7775-4B0B-B36E-41A8E0AEC7C0}"
EndProject
Project("{FAE04EC0-301F-11D3-BF4B-00C04F79EFBC}") = "DataLayer", "DataLayer\DataLayer.csproj", "{563ABA02-5D19-49C9-AAE5-E993D28F6806}"
EndProject
Global
	GlobalSection(SolutionConfigurationPlatforms) = preSolution
		Debug|Any CPU = Debug|Any CPU
		l|Any CPU = l|Any CPU
		Release|Any CPU = Release|Any CPU
	EndGlobalSection
	GlobalSection(ProjectConfigurationPlatforms) = postSolution
		{734970B2-5D3E-4796-8E80-9B3944E2DF74}.Debug|Any CPU.ActiveCfg = Debug|Any CPU
		{734970B2-5D3E-4796-8E80-9B3944E2DF74}.Debug|Any CPU.Build.0 = Debug|Any CPU
		{734970B2-5D3E-4796-8E80-9B3944E2DF74}.l|Any CPU.ActiveCfg = Release|Any CPU
		{734970B2-5D3E-4796-8E80-9B3944E2DF74}.l|Any CPU.Build.0 = Release|Any CPU
		{734970B2-5D3E-4796-8E80-9B3944E2DF74}.Release|Any CPU.ActiveCfg = Release|Any CPU
		{734970B2-5D3E-4796-8E80-9B3944E2DF74}.Release|Any CPU.Build.0 = Release|Any CPU
		{64D0F845-9D65-454E-86CA-86F6A5A6DDE8}.Debug|Any CPU.ActiveCfg = Debug|Any CPU
		{64D0F845-9D65-454E-86CA-86F6A5A6DDE8}.Debug|Any CPU.Build.0 = Debug|Any CPU
		{64D0F845-9D65-454E-86CA-86F6A5A6DDE8}.l|Any CPU.ActiveCfg = Release|Any CPU
		{64D0F845-9D65-454E-86CA-86F6A5A6DDE8}.l|Any CPU.Build.0 = Release|Any CPU
		{64D0F845-9D65-454E-86CA-86F6A5A6DDE8}.Release|Any CPU.ActiveCfg = Release|Any CPU
		{64D0F845-9D65-454E-86CA-86F6A5A6DDE8}.Release|Any CPU.Build.0 = Release|Any CPU
		{21A45A22-5BFF-4FE0-9126-CDE995075954}.Debug|Any CPU.ActiveCfg = Debug|Any CPU
		{21A45A22-5BFF-4FE0-9126-CDE995075954}.Debug|Any CPU.Build.0 = Debug|Any CPU
		{21A45A22-5BFF-4FE0-9126-CDE995075954}.l|Any CPU.ActiveCfg = l|Any CPU
		{21A45A22-5BFF-4FE0-9126-CDE995075954}.l|Any CPU.Build.0 = l|Any CPU
		{21A45A22-5BFF-4FE0-9126-CDE995075954}.Release|Any CPU.ActiveCfg = Release|Any CPU
		{21A45A22-5BFF-4FE0-9126-CDE995075954}.Release|Any CPU.Build.0 = Release|Any CPU
		{A710B3E6-7775-4B0B-B36E-41A8E0AEC7C0}.Debug|Any CPU.ActiveCfg = Debug|Any CPU
		{A710B3E6-7775-4B0B-B36E-41A8E0AEC7C0}.Debug|Any CPU.Build.0 = Debug|Any CPU
		{A710B3E6-7775-4B0B-B36E-41A8E0AEC7C0}.l|Any CPU.ActiveCfg = Release|Any CPU
		{A710B3E6-7775-4B0B-B36E-41A8E0AEC7C0}.l|Any CPU.Build.0 = Release|Any CPU
		{A710B3E6-7775-4B0B-B36E-41A8E0AEC7C0}.Release|Any CPU.ActiveCfg = Release|Any CPU
		{A710B3E6-7775-4B0B-B36E-41A8E0AEC7C0}.Release|Any CPU.Build.0 = Release|Any CPU
		{563ABA02-5D19-49C9-AAE5-E993D28F6806}.Debug|Any CPU.ActiveCfg = Debug|Any CPU
		{563ABA02-5D19-49C9-AAE5-E993D28F6806}.Debug|Any CPU.Build.0 = Debug|Any CPU
		{563ABA02-5D19-49C9-AAE5-E993D28F6806}.l|Any CPU.ActiveCfg = Release|Any CPU
		{563ABA02-5D19-49C9-AAE5-E993D28F6806}.l|Any CPU.Build.0 = Release|Any CPU
		{563ABA02-5D19-49C9-AAE5-E993D28F6806}.Release|Any CPU.ActiveCfg = Release|Any CPU
		{563ABA02-5D19-49C9-AAE5-E993D28F6806}.Release|Any CPU.Build.0 = Release|Any CPU
	EndGlobalSection
	GlobalSection(SolutionProperties) = preSolution
		HideSolutionNode = FALSE
	EndGlobalSection
EndGlobal
