
Microsoft Visual Studio Solution File, Format Version 10.00
# Visual Studio 2008
Project("{FAE04EC0-301F-11D3-BF4B-00C04F79EFBC}") = "Client Networking", "Client Networking\Client Networking.csproj", "{36808895-4493-4CDD-B8B3-E3CFDA67C76A}"
EndProject
Project("{FAE04EC0-301F-11D3-BF4B-00C04F79EFBC}") = "Client Data Layer", "Client Data Layer\Client Data Layer.csproj", "{DC87664F-8C2E-48DD-9824-FFF3C14B6900}"
EndProject
Project("{FAE04EC0-301F-11D3-BF4B-00C04F79EFBC}") = "Client File Access", "Client File Access\Client File Access.csproj", "{D5D3B89D-C858-4577-A0B9-3D1A541A1F3D}"
EndProject
Project("{FAE04EC0-301F-11D3-BF4B-00C04F79EFBC}") = "Client", "Client\Client.csproj", "{502A67FD-D981-4BA5-9077-F98885F71D55}"
EndProject
Project("{FAE04EC0-301F-11D3-BF4B-00C04F79EFBC}") = "UIControls", "..\..\..\UIControls\UIControls\UIControls\UIControls.csproj", "{21A45A22-5BFF-4FE0-9126-CDE995075954}"
EndProject
Project("{FAE04EC0-301F-11D3-BF4B-00C04F79EFBC}") = "Tools", "..\..\..\Tools\Tools\Tools\Tools.csproj", "{B8E8F9D0-9E19-4639-9781-917D7406A33F}"
EndProject
Global
	GlobalSection(SolutionConfigurationPlatforms) = preSolution
		Debug|Any CPU = Debug|Any CPU
		Release|Any CPU = Release|Any CPU
	EndGlobalSection
	GlobalSection(ProjectConfigurationPlatforms) = postSolution
		{36808895-4493-4CDD-B8B3-E3CFDA67C76A}.Debug|Any CPU.ActiveCfg = Debug|Any CPU
		{36808895-4493-4CDD-B8B3-E3CFDA67C76A}.Debug|Any CPU.Build.0 = Debug|Any CPU
		{36808895-4493-4CDD-B8B3-E3CFDA67C76A}.Release|Any CPU.ActiveCfg = Release|Any CPU
		{36808895-4493-4CDD-B8B3-E3CFDA67C76A}.Release|Any CPU.Build.0 = Release|Any CPU
		{DC87664F-8C2E-48DD-9824-FFF3C14B6900}.Debug|Any CPU.ActiveCfg = Debug|Any CPU
		{DC87664F-8C2E-48DD-9824-FFF3C14B6900}.Debug|Any CPU.Build.0 = Debug|Any CPU
		{DC87664F-8C2E-48DD-9824-FFF3C14B6900}.Release|Any CPU.ActiveCfg = Release|Any CPU
		{DC87664F-8C2E-48DD-9824-FFF3C14B6900}.Release|Any CPU.Build.0 = Release|Any CPU
		{D5D3B89D-C858-4577-A0B9-3D1A541A1F3D}.Debug|Any CPU.ActiveCfg = Debug|Any CPU
		{D5D3B89D-C858-4577-A0B9-3D1A541A1F3D}.Debug|Any CPU.Build.0 = Debug|Any CPU
		{D5D3B89D-C858-4577-A0B9-3D1A541A1F3D}.Release|Any CPU.ActiveCfg = Release|Any CPU
		{D5D3B89D-C858-4577-A0B9-3D1A541A1F3D}.Release|Any CPU.Build.0 = Release|Any CPU
		{502A67FD-D981-4BA5-9077-F98885F71D55}.Debug|Any CPU.ActiveCfg = Debug|Any CPU
		{502A67FD-D981-4BA5-9077-F98885F71D55}.Debug|Any CPU.Build.0 = Debug|Any CPU
		{502A67FD-D981-4BA5-9077-F98885F71D55}.Release|Any CPU.ActiveCfg = Release|Any CPU
		{502A67FD-D981-4BA5-9077-F98885F71D55}.Release|Any CPU.Build.0 = Release|Any CPU
		{21A45A22-5BFF-4FE0-9126-CDE995075954}.Debug|Any CPU.ActiveCfg = Debug|Any CPU
		{21A45A22-5BFF-4FE0-9126-CDE995075954}.Debug|Any CPU.Build.0 = Debug|Any CPU
		{21A45A22-5BFF-4FE0-9126-CDE995075954}.Release|Any CPU.ActiveCfg = Release|Any CPU
		{21A45A22-5BFF-4FE0-9126-CDE995075954}.Release|Any CPU.Build.0 = Release|Any CPU
		{B8E8F9D0-9E19-4639-9781-917D7406A33F}.Debug|Any CPU.ActiveCfg = Debug|Any CPU
		{B8E8F9D0-9E19-4639-9781-917D7406A33F}.Debug|Any CPU.Build.0 = Debug|Any CPU
		{B8E8F9D0-9E19-4639-9781-917D7406A33F}.Release|Any CPU.ActiveCfg = Release|Any CPU
		{B8E8F9D0-9E19-4639-9781-917D7406A33F}.Release|Any CPU.Build.0 = Release|Any CPU
	EndGlobalSection
	GlobalSection(SolutionProperties) = preSolution
		HideSolutionNode = FALSE
	EndGlobalSection
EndGlobal
